
Microsoft Visual Studio Solution File, Format Version 12.00
# Visual Studio Version 17
VisualStudioVersion = 17.0.31903.59
MinimumVisualStudioVersion = 10.0.40219.1
Project("{FAE04EC0-301F-11D3-BF4B-00C04F79EFBC}") = "Flamui", "Flamui\Flamui.csproj", "{83D3FFE3-9F15-4D48-98FB-256FD0366FDA}"
EndProject
Project("{FAE04EC0-301F-11D3-BF4B-00C04F79EFBC}") = "Sample", "Sample\Sample.csproj", "{D837AA01-1805-43DC-A7CE-D38BF78DC127}"
EndProject
Project("{FAE04EC0-301F-11D3-BF4B-00C04F79EFBC}") = "Flamui.Components", "Flamui.Components\Flamui.Components.csproj", "{AA54FD3D-15A4-4A05-8E3F-407E6D950D4C}"
EndProject
Global
	GlobalSection(SolutionConfigurationPlatforms) = preSolution
		Debug|Any CPU = Debug|Any CPU
		Release|Any CPU = Release|Any CPU
	EndGlobalSection
	GlobalSection(SolutionProperties) = preSolution
		HideSolutionNode = FALSE
	EndGlobalSection
	GlobalSection(ProjectConfigurationPlatforms) = postSolution
		{83D3FFE3-9F15-4D48-98FB-256FD0366FDA}.Debug|Any CPU.ActiveCfg = Debug|Any CPU
		{83D3FFE3-9F15-4D48-98FB-256FD0366FDA}.Debug|Any CPU.Build.0 = Debug|Any CPU
		{83D3FFE3-9F15-4D48-98FB-256FD0366FDA}.Release|Any CPU.ActiveCfg = Release|Any CPU
		{83D3FFE3-9F15-4D48-98FB-256FD0366FDA}.Release|Any CPU.Build.0 = Release|Any CPU
		{D837AA01-1805-43DC-A7CE-D38BF78DC127}.Debug|Any CPU.ActiveCfg = Debug|Any CPU
		{D837AA01-1805-43DC-A7CE-D38BF78DC127}.Debug|Any CPU.Build.0 = Debug|Any CPU
		{D837AA01-1805-43DC-A7CE-D38BF78DC127}.Release|Any CPU.ActiveCfg = Release|Any CPU
		{D837AA01-1805-43DC-A7CE-D38BF78DC127}.Release|Any CPU.Build.0 = Release|Any CPU
		{AA54FD3D-15A4-4A05-8E3F-407E6D950D4C}.Debug|Any CPU.ActiveCfg = Debug|Any CPU
		{AA54FD3D-15A4-4A05-8E3F-407E6D950D4C}.Debug|Any CPU.Build.0 = Debug|Any CPU
		{AA54FD3D-15A4-4A05-8E3F-407E6D950D4C}.Release|Any CPU.ActiveCfg = Release|Any CPU
		{AA54FD3D-15A4-4A05-8E3F-407E6D950D4C}.Release|Any CPU.Build.0 = Release|Any CPU
	EndGlobalSection
EndGlobal
