
Microsoft Visual Studio Solution File, Format Version 12.00
# Visual Studio Version 17
VisualStudioVersion = 17.0.31903.59
MinimumVisualStudioVersion = 10.0.40219.1
Project("{FAE04EC0-301F-11D3-BF4B-00C04F79EFBC}") = "Flamui", "Flamui\Flamui.csproj", "{83D3FFE3-9F15-4D48-98FB-256FD0366FDA}"
EndProject
Project("{FAE04EC0-301F-11D3-BF4B-00C04F79EFBC}") = "Flamui.Components", "Flamui.Components\Flamui.Components.csproj", "{AA54FD3D-15A4-4A05-8E3F-407E6D950D4C}"
EndProject
Project("{2150E333-8FDC-42A3-9474-1A3956D46DE8}") = "Samples", "Samples", "{9C94658C-B59B-4FC7-AAC4-837C0D481C45}"
EndProject
Project("{FAE04EC0-301F-11D3-BF4B-00C04F79EFBC}") = "Flamui.SourceGenerators", "Flamui.SourceGenerators\Flamui.SourceGenerators.csproj", "{1DD3E6BF-8B69-455E-BCED-BE863578FBFC}"
EndProject
Project("{FAE04EC0-301F-11D3-BF4B-00C04F79EFBC}") = "Flamui.SourceGenerators.Tests", "Flamui.SourceGenerators.Tests\Flamui.SourceGenerators.Tests.csproj", "{11C1469D-6CDF-4E55-8225-46F91D88533E}"
EndProject
Project("{2150E333-8FDC-42A3-9474-1A3956D46DE8}") = ".SolutionItems", ".SolutionItems", "{2878CA39-13C0-4224-AB95-F56B0973DEBA}"
	ProjectSection(SolutionItems) = preProject
		.gitignore = .gitignore
		README.md = README.md
		.github\workflows\nuget_publish.yml = .github\workflows\nuget_publish.yml
	EndProjectSection
EndProject
Project("{FAE04EC0-301F-11D3-BF4B-00C04F79EFBC}") = "Flamui.Tests", "Flamui.Tests\Flamui.Tests.csproj", "{76D6EAD7-1871-44CB-BF86-6FA61EEA15A4}"
EndProject
Project("{FAE04EC0-301F-11D3-BF4B-00C04F79EFBC}") = "Sample.LayoutTest", "Sample.LayoutTest\Sample.LayoutTest.csproj", "{6D448843-4468-4B7E-9E65-D075861C3AA7}"
EndProject
Project("{FAE04EC0-301F-11D3-BF4B-00C04F79EFBC}") = "SilkNetTest", "SilkNetTest\SilkNetTest.csproj", "{2BF35A7F-F1DE-4738-8027-087AD58F31AD}"
EndProject
Global
	GlobalSection(SolutionConfigurationPlatforms) = preSolution
		Debug|Any CPU = Debug|Any CPU
		Release|Any CPU = Release|Any CPU
	EndGlobalSection
	GlobalSection(SolutionProperties) = preSolution
		HideSolutionNode = FALSE
	EndGlobalSection
	GlobalSection(ProjectConfigurationPlatforms) = postSolution
		{83D3FFE3-9F15-4D48-98FB-256FD0366FDA}.Debug|Any CPU.ActiveCfg = Debug|Any CPU
		{83D3FFE3-9F15-4D48-98FB-256FD0366FDA}.Debug|Any CPU.Build.0 = Debug|Any CPU
		{83D3FFE3-9F15-4D48-98FB-256FD0366FDA}.Release|Any CPU.ActiveCfg = Release|Any CPU
		{83D3FFE3-9F15-4D48-98FB-256FD0366FDA}.Release|Any CPU.Build.0 = Release|Any CPU
		{AA54FD3D-15A4-4A05-8E3F-407E6D950D4C}.Debug|Any CPU.ActiveCfg = Debug|Any CPU
		{AA54FD3D-15A4-4A05-8E3F-407E6D950D4C}.Debug|Any CPU.Build.0 = Debug|Any CPU
		{AA54FD3D-15A4-4A05-8E3F-407E6D950D4C}.Release|Any CPU.ActiveCfg = Release|Any CPU
		{AA54FD3D-15A4-4A05-8E3F-407E6D950D4C}.Release|Any CPU.Build.0 = Release|Any CPU
		{1DD3E6BF-8B69-455E-BCED-BE863578FBFC}.Debug|Any CPU.ActiveCfg = Debug|Any CPU
		{1DD3E6BF-8B69-455E-BCED-BE863578FBFC}.Debug|Any CPU.Build.0 = Debug|Any CPU
		{1DD3E6BF-8B69-455E-BCED-BE863578FBFC}.Release|Any CPU.ActiveCfg = Release|Any CPU
		{1DD3E6BF-8B69-455E-BCED-BE863578FBFC}.Release|Any CPU.Build.0 = Release|Any CPU
		{11C1469D-6CDF-4E55-8225-46F91D88533E}.Debug|Any CPU.ActiveCfg = Debug|Any CPU
		{11C1469D-6CDF-4E55-8225-46F91D88533E}.Debug|Any CPU.Build.0 = Debug|Any CPU
		{11C1469D-6CDF-4E55-8225-46F91D88533E}.Release|Any CPU.ActiveCfg = Release|Any CPU
		{11C1469D-6CDF-4E55-8225-46F91D88533E}.Release|Any CPU.Build.0 = Release|Any CPU
		{76D6EAD7-1871-44CB-BF86-6FA61EEA15A4}.Debug|Any CPU.ActiveCfg = Debug|Any CPU
		{76D6EAD7-1871-44CB-BF86-6FA61EEA15A4}.Debug|Any CPU.Build.0 = Debug|Any CPU
		{76D6EAD7-1871-44CB-BF86-6FA61EEA15A4}.Release|Any CPU.ActiveCfg = Release|Any CPU
		{76D6EAD7-1871-44CB-BF86-6FA61EEA15A4}.Release|Any CPU.Build.0 = Release|Any CPU
		{6D448843-4468-4B7E-9E65-D075861C3AA7}.Debug|Any CPU.ActiveCfg = Debug|Any CPU
		{6D448843-4468-4B7E-9E65-D075861C3AA7}.Debug|Any CPU.Build.0 = Debug|Any CPU
		{6D448843-4468-4B7E-9E65-D075861C3AA7}.Release|Any CPU.ActiveCfg = Release|Any CPU
		{6D448843-4468-4B7E-9E65-D075861C3AA7}.Release|Any CPU.Build.0 = Release|Any CPU
		{2BF35A7F-F1DE-4738-8027-087AD58F31AD}.Debug|Any CPU.ActiveCfg = Debug|Any CPU
		{2BF35A7F-F1DE-4738-8027-087AD58F31AD}.Debug|Any CPU.Build.0 = Debug|Any CPU
		{2BF35A7F-F1DE-4738-8027-087AD58F31AD}.Release|Any CPU.ActiveCfg = Release|Any CPU
		{2BF35A7F-F1DE-4738-8027-087AD58F31AD}.Release|Any CPU.Build.0 = Release|Any CPU
	EndGlobalSection
	GlobalSection(NestedProjects) = preSolution
		{6D448843-4468-4B7E-9E65-D075861C3AA7} = {9C94658C-B59B-4FC7-AAC4-837C0D481C45}
	EndGlobalSection
EndGlobal
