
Microsoft Visual Studio Solution File, Format Version 12.00
# Visual Studio Version 17
VisualStudioVersion = 17.0.31903.59
MinimumVisualStudioVersion = 10.0.40219.1
Project("{FAE04EC0-301F-11D3-BF4B-00C04F79EFBC}") = "TolggeUI", "TolggeUI\TolggeUI.csproj", "{60A6185B-1AAD-4A39-BD0C-993B9095CC01}"
EndProject
Project("{FAE04EC0-301F-11D3-BF4B-00C04F79EFBC}") = "Sample", "Sample\Sample.csproj", "{9C15DB31-FE83-4DDD-8631-B45A48477C12}"
EndProject
Project("{FAE04EC0-301F-11D3-BF4B-00C04F79EFBC}") = "TolggeUI.SourceGenerators", "TolggeUI.SourceGenerators\TolggeUI.SourceGenerators.csproj", "{A6DDA5E3-8B1F-46A0-9523-92EF5BDCD4F8}"
EndProject
Project("{FAE04EC0-301F-11D3-BF4B-00C04F79EFBC}") = "TolggeUI.SourceGenerators.Tests", "TolggeUI.SourceGenerators.Tests\TolggeUI.SourceGenerators.Tests.csproj", "{8B5B153B-D900-47E2-BB18-CC5FE30E613E}"
EndProject
Project("{2150E333-8FDC-42A3-9474-1A3956D46DE8}") = "SolutionItems", "SolutionItems", "{7CA19291-B0BD-4678-A6F5-0D7D2AFDABB4}"
	ProjectSection(SolutionItems) = preProject
		README.md = README.md
	EndProjectSection
EndProject
Global
	GlobalSection(SolutionConfigurationPlatforms) = preSolution
		Debug|Any CPU = Debug|Any CPU
		Release|Any CPU = Release|Any CPU
	EndGlobalSection
	GlobalSection(SolutionProperties) = preSolution
		HideSolutionNode = FALSE
	EndGlobalSection
	GlobalSection(ProjectConfigurationPlatforms) = postSolution
		{60A6185B-1AAD-4A39-BD0C-993B9095CC01}.Debug|Any CPU.ActiveCfg = Debug|Any CPU
		{60A6185B-1AAD-4A39-BD0C-993B9095CC01}.Debug|Any CPU.Build.0 = Debug|Any CPU
		{60A6185B-1AAD-4A39-BD0C-993B9095CC01}.Release|Any CPU.ActiveCfg = Release|Any CPU
		{60A6185B-1AAD-4A39-BD0C-993B9095CC01}.Release|Any CPU.Build.0 = Release|Any CPU
		{9C15DB31-FE83-4DDD-8631-B45A48477C12}.Debug|Any CPU.ActiveCfg = Debug|Any CPU
		{9C15DB31-FE83-4DDD-8631-B45A48477C12}.Debug|Any CPU.Build.0 = Debug|Any CPU
		{9C15DB31-FE83-4DDD-8631-B45A48477C12}.Release|Any CPU.ActiveCfg = Release|Any CPU
		{9C15DB31-FE83-4DDD-8631-B45A48477C12}.Release|Any CPU.Build.0 = Release|Any CPU
		{A6DDA5E3-8B1F-46A0-9523-92EF5BDCD4F8}.Debug|Any CPU.ActiveCfg = Debug|Any CPU
		{A6DDA5E3-8B1F-46A0-9523-92EF5BDCD4F8}.Debug|Any CPU.Build.0 = Debug|Any CPU
		{A6DDA5E3-8B1F-46A0-9523-92EF5BDCD4F8}.Release|Any CPU.ActiveCfg = Release|Any CPU
		{A6DDA5E3-8B1F-46A0-9523-92EF5BDCD4F8}.Release|Any CPU.Build.0 = Release|Any CPU
		{8B5B153B-D900-47E2-BB18-CC5FE30E613E}.Debug|Any CPU.ActiveCfg = Debug|Any CPU
		{8B5B153B-D900-47E2-BB18-CC5FE30E613E}.Debug|Any CPU.Build.0 = Debug|Any CPU
		{8B5B153B-D900-47E2-BB18-CC5FE30E613E}.Release|Any CPU.ActiveCfg = Release|Any CPU
		{8B5B153B-D900-47E2-BB18-CC5FE30E613E}.Release|Any CPU.Build.0 = Release|Any CPU
	EndGlobalSection
EndGlobal
